
Microsoft Visual Studio Solution File, Format Version 11.00
# Visual Studio 2010
Project("{8BC9CEB8-8B4A-11D0-8D11-00A0C91BC942}") = "example_change_rate", "example_change_rate\example_change_rate.vcxproj", "{421B8886-A586-45FD-B955-823D7D434CDF}"
EndProject
Global
	GlobalSection(SolutionConfigurationPlatforms) = preSolution
		Debug|Win32 = Debug|Win32
		Release|Win32 = Release|Win32
	EndGlobalSection
	GlobalSection(ProjectConfigurationPlatforms) = postSolution
		{421B8886-A586-45FD-B955-823D7D434CDF}.Debug|Win32.ActiveCfg = Debug|Win32
		{421B8886-A586-45FD-B955-823D7D434CDF}.Debug|Win32.Build.0 = Debug|Win32
		{421B8886-A586-45FD-B955-823D7D434CDF}.Release|Win32.ActiveCfg = Release|Win32
		{421B8886-A586-45FD-B955-823D7D434CDF}.Release|Win32.Build.0 = Release|Win32
	EndGlobalSection
	GlobalSection(SolutionProperties) = preSolution
		HideSolutionNode = FALSE
	EndGlobalSection
EndGlobal
